// !$*UTF8*$!
{
	archiveVersion = 1;
	classes = {
	};
	objectVersion = 50;
	objects = {

/* Begin PBXBuildFile section */
		3E8E3667255B4DA400EC24C1 /* UIView+Ext.swift in Sources */ = {isa = PBXBuildFile; fileRef = 3E8E3666255B4DA400EC24C1 /* UIView+Ext.swift */; };
		BF0128BD252E4B55001712B6 /* Date+Ext.swift in Sources */ = {isa = PBXBuildFile; fileRef = BF0128BC252E4B55001712B6 /* Date+Ext.swift */; };
		BF0128C3252F7D13001712B6 /* PersistenceManager.swift in Sources */ = {isa = PBXBuildFile; fileRef = BF0128C2252F7D13001712B6 /* PersistenceManager.swift */; };
		BF0128C6252F93CD001712B6 /* FavoriteCell.swift in Sources */ = {isa = PBXBuildFile; fileRef = BF0128C5252F93CD001712B6 /* FavoriteCell.swift */; };
		BF2B3E99252CD56900260AA8 /* GFItemInfoView.swift in Sources */ = {isa = PBXBuildFile; fileRef = BF2B3E98252CD56900260AA8 /* GFItemInfoView.swift */; };
		BF2B3E9C252D34DD00260AA8 /* GFItemInfoVC.swift in Sources */ = {isa = PBXBuildFile; fileRef = BF2B3E9B252D34DD00260AA8 /* GFItemInfoVC.swift */; };
		BF2B3E9F252D3DCE00260AA8 /* GFRepoItemVC.swift in Sources */ = {isa = PBXBuildFile; fileRef = BF2B3E9E252D3DCE00260AA8 /* GFRepoItemVC.swift */; };
		BF2B3EA2252D401400260AA8 /* GFFollowerItemVC.swift in Sources */ = {isa = PBXBuildFile; fileRef = BF2B3EA1252D401400260AA8 /* GFFollowerItemVC.swift */; };
		BF52395D251A6BD7003D69A2 /* GFTitleLabel.swift in Sources */ = {isa = PBXBuildFile; fileRef = BF52395C251A6BD7003D69A2 /* GFTitleLabel.swift */; };
		BF523960251A6D82003D69A2 /* GFBodyLabel.swift in Sources */ = {isa = PBXBuildFile; fileRef = BF52395F251A6D82003D69A2 /* GFBodyLabel.swift */; };
		BF523963251A7997003D69A2 /* GFAlertVC.swift in Sources */ = {isa = PBXBuildFile; fileRef = BF523962251A7997003D69A2 /* GFAlertVC.swift */; };
		BF523966251C335B003D69A2 /* UIViewController+Ext.swift in Sources */ = {isa = PBXBuildFile; fileRef = BF523965251C335B003D69A2 /* UIViewController+Ext.swift */; };
		BF52396E251C4AC2003D69A2 /* GFContainerView.swift in Sources */ = {isa = PBXBuildFile; fileRef = BF52396D251C4AC2003D69A2 /* GFContainerView.swift */; };
		BF523972251C577F003D69A2 /* Follower.swift in Sources */ = {isa = PBXBuildFile; fileRef = BF523971251C577F003D69A2 /* Follower.swift */; };
		BF523975251C5926003D69A2 /* User.swift in Sources */ = {isa = PBXBuildFile; fileRef = BF523974251C5926003D69A2 /* User.swift */; };
		BF52397A251D3923003D69A2 /* NetworkManager.swift in Sources */ = {isa = PBXBuildFile; fileRef = BF523979251D3923003D69A2 /* NetworkManager.swift */; };
		BF52398C251D7C4C003D69A2 /* FollowerCell.swift in Sources */ = {isa = PBXBuildFile; fileRef = BF52398B251D7C4C003D69A2 /* FollowerCell.swift */; };
		BF52398F251D7CE2003D69A2 /* GFAvatarImageView.swift in Sources */ = {isa = PBXBuildFile; fileRef = BF52398E251D7CE2003D69A2 /* GFAvatarImageView.swift */; };
		BF5BB9E025147F2B00BD0410 /* SearchVC.swift in Sources */ = {isa = PBXBuildFile; fileRef = BF5BB9DF25147F2B00BD0410 /* SearchVC.swift */; };
		BF5BB9E325147F7900BD0410 /* FavoritesListVC.swift in Sources */ = {isa = PBXBuildFile; fileRef = BF5BB9E225147F7900BD0410 /* FavoritesListVC.swift */; };
		BF5BB9E8251572DA00BD0410 /* GFButton.swift in Sources */ = {isa = PBXBuildFile; fileRef = BF5BB9E7251572DA00BD0410 /* GFButton.swift */; };
		BF5BB9EB251579B300BD0410 /* GFTextField.swift in Sources */ = {isa = PBXBuildFile; fileRef = BF5BB9EA251579B300BD0410 /* GFTextField.swift */; };
		BF5BB9EF2516AD5600BD0410 /* FollowerListVC.swift in Sources */ = {isa = PBXBuildFile; fileRef = BF5BB9EE2516AD5600BD0410 /* FollowerListVC.swift */; };
		BF68A9A025118CE50069F87A /* AppDelegate.swift in Sources */ = {isa = PBXBuildFile; fileRef = BF68A99F25118CE50069F87A /* AppDelegate.swift */; };
		BF68A9A225118CE50069F87A /* SceneDelegate.swift in Sources */ = {isa = PBXBuildFile; fileRef = BF68A9A125118CE50069F87A /* SceneDelegate.swift */; };
		BF68A9A925118CE60069F87A /* Assets.xcassets in Resources */ = {isa = PBXBuildFile; fileRef = BF68A9A825118CE60069F87A /* Assets.xcassets */; };
		BF68A9AC25118CE60069F87A /* LaunchScreen.storyboard in Resources */ = {isa = PBXBuildFile; fileRef = BF68A9AA25118CE60069F87A /* LaunchScreen.storyboard */; };
		BF8A167A2530DE9D008BE1F7 /* GFTabBarController.swift in Sources */ = {isa = PBXBuildFile; fileRef = BF8A16792530DE9D008BE1F7 /* GFTabBarController.swift */; };
		BF8A167F253100BB008BE1F7 /* GFDataLoadingVC.swift in Sources */ = {isa = PBXBuildFile; fileRef = BF8A167E253100BB008BE1F7 /* GFDataLoadingVC.swift */; };
		BF9078CD2523DB8A0061209E /* GFEmptyStateView.swift in Sources */ = {isa = PBXBuildFile; fileRef = BF9078CC2523DB8A0061209E /* GFEmptyStateView.swift */; };
		BF9078D22525760E0061209E /* UserInfoVC.swift in Sources */ = {isa = PBXBuildFile; fileRef = BF9078D12525760E0061209E /* UserInfoVC.swift */; };
		BF9078D6252656F00061209E /* GFError.swift in Sources */ = {isa = PBXBuildFile; fileRef = BF9078D5252656F00061209E /* GFError.swift */; };
		BF9078D92526855B0061209E /* GFUserInfoHeaderVC.swift in Sources */ = {isa = PBXBuildFile; fileRef = BF9078D82526855B0061209E /* GFUserInfoHeaderVC.swift */; };
		BF9078DC2526886A0061209E /* GFSecondaryTitleLabel.swift in Sources */ = {isa = PBXBuildFile; fileRef = BF9078DB2526886A0061209E /* GFSecondaryTitleLabel.swift */; };
		BF9078DF2526E50F0061209E /* Constants.swift in Sources */ = {isa = PBXBuildFile; fileRef = BF9078DE2526E50F0061209E /* Constants.swift */; };
		BFA546EF251E922100A43F8D /* UIHelper.swift in Sources */ = {isa = PBXBuildFile; fileRef = BFA546EE251E922100A43F8D /* UIHelper.swift */; };
/* End PBXBuildFile section */

/* Begin PBXFileReference section */
		3E8E3666255B4DA400EC24C1 /* UIView+Ext.swift */ = {isa = PBXFileReference; lastKnownFileType = sourcecode.swift; path = "UIView+Ext.swift"; sourceTree = "<group>"; };
		BF0128BC252E4B55001712B6 /* Date+Ext.swift */ = {isa = PBXFileReference; lastKnownFileType = sourcecode.swift; path = "Date+Ext.swift"; sourceTree = "<group>"; };
		BF0128C2252F7D13001712B6 /* PersistenceManager.swift */ = {isa = PBXFileReference; lastKnownFileType = sourcecode.swift; path = PersistenceManager.swift; sourceTree = "<group>"; };
		BF0128C5252F93CD001712B6 /* FavoriteCell.swift */ = {isa = PBXFileReference; lastKnownFileType = sourcecode.swift; path = FavoriteCell.swift; sourceTree = "<group>"; };
		BF2B3E98252CD56900260AA8 /* GFItemInfoView.swift */ = {isa = PBXFileReference; lastKnownFileType = sourcecode.swift; path = GFItemInfoView.swift; sourceTree = "<group>"; };
		BF2B3E9B252D34DD00260AA8 /* GFItemInfoVC.swift */ = {isa = PBXFileReference; lastKnownFileType = sourcecode.swift; path = GFItemInfoVC.swift; sourceTree = "<group>"; };
		BF2B3E9E252D3DCE00260AA8 /* GFRepoItemVC.swift */ = {isa = PBXFileReference; lastKnownFileType = sourcecode.swift; path = GFRepoItemVC.swift; sourceTree = "<group>"; };
		BF2B3EA1252D401400260AA8 /* GFFollowerItemVC.swift */ = {isa = PBXFileReference; lastKnownFileType = sourcecode.swift; path = GFFollowerItemVC.swift; sourceTree = "<group>"; };
		BF52395C251A6BD7003D69A2 /* GFTitleLabel.swift */ = {isa = PBXFileReference; lastKnownFileType = sourcecode.swift; path = GFTitleLabel.swift; sourceTree = "<group>"; };
		BF52395F251A6D82003D69A2 /* GFBodyLabel.swift */ = {isa = PBXFileReference; lastKnownFileType = sourcecode.swift; path = GFBodyLabel.swift; sourceTree = "<group>"; };
		BF523962251A7997003D69A2 /* GFAlertVC.swift */ = {isa = PBXFileReference; lastKnownFileType = sourcecode.swift; path = GFAlertVC.swift; sourceTree = "<group>"; };
		BF523965251C335B003D69A2 /* UIViewController+Ext.swift */ = {isa = PBXFileReference; lastKnownFileType = sourcecode.swift; path = "UIViewController+Ext.swift"; sourceTree = "<group>"; };
		BF52396D251C4AC2003D69A2 /* GFContainerView.swift */ = {isa = PBXFileReference; lastKnownFileType = sourcecode.swift; path = GFContainerView.swift; sourceTree = "<group>"; };
		BF523971251C577F003D69A2 /* Follower.swift */ = {isa = PBXFileReference; lastKnownFileType = sourcecode.swift; path = Follower.swift; sourceTree = "<group>"; };
		BF523974251C5926003D69A2 /* User.swift */ = {isa = PBXFileReference; lastKnownFileType = sourcecode.swift; path = User.swift; sourceTree = "<group>"; };
		BF523979251D3923003D69A2 /* NetworkManager.swift */ = {isa = PBXFileReference; lastKnownFileType = sourcecode.swift; path = NetworkManager.swift; sourceTree = "<group>"; };
		BF52398B251D7C4C003D69A2 /* FollowerCell.swift */ = {isa = PBXFileReference; lastKnownFileType = sourcecode.swift; path = FollowerCell.swift; sourceTree = "<group>"; };
		BF52398E251D7CE2003D69A2 /* GFAvatarImageView.swift */ = {isa = PBXFileReference; lastKnownFileType = sourcecode.swift; path = GFAvatarImageView.swift; sourceTree = "<group>"; };
		BF5BB9DF25147F2B00BD0410 /* SearchVC.swift */ = {isa = PBXFileReference; lastKnownFileType = sourcecode.swift; path = SearchVC.swift; sourceTree = "<group>"; };
		BF5BB9E225147F7900BD0410 /* FavoritesListVC.swift */ = {isa = PBXFileReference; lastKnownFileType = sourcecode.swift; path = FavoritesListVC.swift; sourceTree = "<group>"; };
		BF5BB9E7251572DA00BD0410 /* GFButton.swift */ = {isa = PBXFileReference; lastKnownFileType = sourcecode.swift; path = GFButton.swift; sourceTree = "<group>"; };
		BF5BB9EA251579B300BD0410 /* GFTextField.swift */ = {isa = PBXFileReference; lastKnownFileType = sourcecode.swift; path = GFTextField.swift; sourceTree = "<group>"; };
		BF5BB9EE2516AD5600BD0410 /* FollowerListVC.swift */ = {isa = PBXFileReference; lastKnownFileType = sourcecode.swift; path = FollowerListVC.swift; sourceTree = "<group>"; };
		BF68A99C25118CE50069F87A /* GHFollowers.app */ = {isa = PBXFileReference; explicitFileType = wrapper.application; includeInIndex = 0; path = GHFollowers.app; sourceTree = BUILT_PRODUCTS_DIR; };
		BF68A99F25118CE50069F87A /* AppDelegate.swift */ = {isa = PBXFileReference; lastKnownFileType = sourcecode.swift; path = AppDelegate.swift; sourceTree = "<group>"; };
		BF68A9A125118CE50069F87A /* SceneDelegate.swift */ = {isa = PBXFileReference; lastKnownFileType = sourcecode.swift; path = SceneDelegate.swift; sourceTree = "<group>"; };
		BF68A9A825118CE60069F87A /* Assets.xcassets */ = {isa = PBXFileReference; lastKnownFileType = folder.assetcatalog; path = Assets.xcassets; sourceTree = "<group>"; };
		BF68A9AB25118CE60069F87A /* Base */ = {isa = PBXFileReference; lastKnownFileType = file.storyboard; name = Base; path = Base.lproj/LaunchScreen.storyboard; sourceTree = "<group>"; };
		BF68A9AD25118CE60069F87A /* Info.plist */ = {isa = PBXFileReference; lastKnownFileType = text.plist.xml; path = Info.plist; sourceTree = "<group>"; };
		BF8A16792530DE9D008BE1F7 /* GFTabBarController.swift */ = {isa = PBXFileReference; lastKnownFileType = sourcecode.swift; path = GFTabBarController.swift; sourceTree = "<group>"; };
		BF8A167E253100BB008BE1F7 /* GFDataLoadingVC.swift */ = {isa = PBXFileReference; lastKnownFileType = sourcecode.swift; path = GFDataLoadingVC.swift; sourceTree = "<group>"; };
		BF9078CC2523DB8A0061209E /* GFEmptyStateView.swift */ = {isa = PBXFileReference; lastKnownFileType = sourcecode.swift; path = GFEmptyStateView.swift; sourceTree = "<group>"; };
		BF9078D12525760E0061209E /* UserInfoVC.swift */ = {isa = PBXFileReference; lastKnownFileType = sourcecode.swift; path = UserInfoVC.swift; sourceTree = "<group>"; };
		BF9078D5252656F00061209E /* GFError.swift */ = {isa = PBXFileReference; lastKnownFileType = sourcecode.swift; path = GFError.swift; sourceTree = "<group>"; };
		BF9078D82526855B0061209E /* GFUserInfoHeaderVC.swift */ = {isa = PBXFileReference; lastKnownFileType = sourcecode.swift; path = GFUserInfoHeaderVC.swift; sourceTree = "<group>"; };
		BF9078DB2526886A0061209E /* GFSecondaryTitleLabel.swift */ = {isa = PBXFileReference; lastKnownFileType = sourcecode.swift; path = GFSecondaryTitleLabel.swift; sourceTree = "<group>"; };
		BF9078DE2526E50F0061209E /* Constants.swift */ = {isa = PBXFileReference; lastKnownFileType = sourcecode.swift; path = Constants.swift; sourceTree = "<group>"; };
		BFA546EE251E922100A43F8D /* UIHelper.swift */ = {isa = PBXFileReference; lastKnownFileType = sourcecode.swift; path = UIHelper.swift; sourceTree = "<group>"; };
/* End PBXFileReference section */

/* Begin PBXFrameworksBuildPhase section */
		BF68A99925118CE50069F87A /* Frameworks */ = {
			isa = PBXFrameworksBuildPhase;
			buildActionMask = 2147483647;
			files = (
			);
			runOnlyForDeploymentPostprocessing = 0;
		};
/* End PBXFrameworksBuildPhase section */

/* Begin PBXGroup section */
		BF2B3EA4252D407B00260AA8 /* ItemInfoVCs */ = {
			isa = PBXGroup;
			children = (
				BF2B3E9B252D34DD00260AA8 /* GFItemInfoVC.swift */,
				BF2B3E9E252D3DCE00260AA8 /* GFRepoItemVC.swift */,
				BF2B3EA1252D401400260AA8 /* GFFollowerItemVC.swift */,
			);
			path = ItemInfoVCs;
			sourceTree = "<group>";
		};
		BF523968251C3C48003D69A2 /* Screens */ = {
			isa = PBXGroup;
			children = (
				BF5BB9DF25147F2B00BD0410 /* SearchVC.swift */,
				BF5BB9EE2516AD5600BD0410 /* FollowerListVC.swift */,
				BF5BB9E225147F7900BD0410 /* FavoritesListVC.swift */,
				BF9078D12525760E0061209E /* UserInfoVC.swift */,
			);
			path = Screens;
			sourceTree = "<group>";
		};
		BF523969251C3C7B003D69A2 /* Custom Views */ = {
			isa = PBXGroup;
			children = (
				BF8A16782530DE69008BE1F7 /* TabBarControllers */,
				BF9078CB2523DA680061209E /* Labels */,
				BF9078CA2523DA4E0061209E /* ViewControllers */,
				BF9078C92523DA420061209E /* ImageViews */,
				BF9078C82523DA370061209E /* TextFields */,
				BF9078C72523DA2E0061209E /* Buttons */,
				BF9078C62523DA240061209E /* Views */,
				BF52398A251D7C22003D69A2 /* Cells */,
			);
			path = "Custom Views";
			sourceTree = "<group>";
		};
		BF52396A251C3CBF003D69A2 /* Extensions */ = {
			isa = PBXGroup;
			children = (
				BF523965251C335B003D69A2 /* UIViewController+Ext.swift */,
				BF0128BC252E4B55001712B6 /* Date+Ext.swift */,
				3E8E3666255B4DA400EC24C1 /* UIView+Ext.swift */,
			);
			path = Extensions;
			sourceTree = "<group>";
		};
		BF52396B251C3D20003D69A2 /* Support */ = {
			isa = PBXGroup;
			children = (
				BF68A9AA25118CE60069F87A /* LaunchScreen.storyboard */,
				BF68A9A825118CE60069F87A /* Assets.xcassets */,
				BF68A9A125118CE50069F87A /* SceneDelegate.swift */,
				BF68A99F25118CE50069F87A /* AppDelegate.swift */,
				BF68A9AD25118CE60069F87A /* Info.plist */,
			);
			path = Support;
			sourceTree = "<group>";
		};
		BF523970251C576E003D69A2 /* Model */ = {
			isa = PBXGroup;
			children = (
				BF523971251C577F003D69A2 /* Follower.swift */,
				BF523974251C5926003D69A2 /* User.swift */,
			);
			path = Model;
			sourceTree = "<group>";
		};
		BF523978251D3909003D69A2 /* Managers */ = {
			isa = PBXGroup;
			children = (
				BF523979251D3923003D69A2 /* NetworkManager.swift */,
				BF0128C2252F7D13001712B6 /* PersistenceManager.swift */,
			);
			path = Managers;
			sourceTree = "<group>";
		};
		BF523980251D4D71003D69A2 /* Utilities */ = {
			isa = PBXGroup;
			children = (
				BFA546EE251E922100A43F8D /* UIHelper.swift */,
				BF9078D5252656F00061209E /* GFError.swift */,
				BF9078DE2526E50F0061209E /* Constants.swift */,
			);
			path = Utilities;
			sourceTree = "<group>";
		};
		BF52398A251D7C22003D69A2 /* Cells */ = {
			isa = PBXGroup;
			children = (
				BF52398B251D7C4C003D69A2 /* FollowerCell.swift */,
				BF0128C5252F93CD001712B6 /* FavoriteCell.swift */,
			);
			path = Cells;
			sourceTree = "<group>";
		};
		BF68A99325118CE50069F87A = {
			isa = PBXGroup;
			children = (
				BF68A99E25118CE50069F87A /* GHFollowers */,
				BF68A99D25118CE50069F87A /* Products */,
			);
			sourceTree = "<group>";
		};
		BF68A99D25118CE50069F87A /* Products */ = {
			isa = PBXGroup;
			children = (
				BF68A99C25118CE50069F87A /* GHFollowers.app */,
			);
			name = Products;
			sourceTree = "<group>";
		};
		BF68A99E25118CE50069F87A /* GHFollowers */ = {
			isa = PBXGroup;
			children = (
				BF523980251D4D71003D69A2 /* Utilities */,
				BF523978251D3909003D69A2 /* Managers */,
				BF523970251C576E003D69A2 /* Model */,
				BF52396A251C3CBF003D69A2 /* Extensions */,
				BF523969251C3C7B003D69A2 /* Custom Views */,
				BF523968251C3C48003D69A2 /* Screens */,
				BF52396B251C3D20003D69A2 /* Support */,
			);
			path = GHFollowers;
			sourceTree = "<group>";
		};
		BF8A16782530DE69008BE1F7 /* TabBarControllers */ = {
			isa = PBXGroup;
			children = (
				BF8A16792530DE9D008BE1F7 /* GFTabBarController.swift */,
			);
			path = TabBarControllers;
			sourceTree = "<group>";
		};
		BF9078C62523DA240061209E /* Views */ = {
			isa = PBXGroup;
			children = (
				BF9078CC2523DB8A0061209E /* GFEmptyStateView.swift */,
				BF52396D251C4AC2003D69A2 /* GFContainerView.swift */,
				BF2B3E98252CD56900260AA8 /* GFItemInfoView.swift */,
			);
			path = Views;
			sourceTree = "<group>";
		};
		BF9078C72523DA2E0061209E /* Buttons */ = {
			isa = PBXGroup;
			children = (
				BF5BB9E7251572DA00BD0410 /* GFButton.swift */,
			);
			path = Buttons;
			sourceTree = "<group>";
		};
		BF9078C82523DA370061209E /* TextFields */ = {
			isa = PBXGroup;
			children = (
				BF5BB9EA251579B300BD0410 /* GFTextField.swift */,
			);
			path = TextFields;
			sourceTree = "<group>";
		};
		BF9078C92523DA420061209E /* ImageViews */ = {
			isa = PBXGroup;
			children = (
				BF52398E251D7CE2003D69A2 /* GFAvatarImageView.swift */,
			);
			path = ImageViews;
			sourceTree = "<group>";
		};
		BF9078CA2523DA4E0061209E /* ViewControllers */ = {
			isa = PBXGroup;
			children = (
				BF2B3EA4252D407B00260AA8 /* ItemInfoVCs */,
				BF523962251A7997003D69A2 /* GFAlertVC.swift */,
				BF9078D82526855B0061209E /* GFUserInfoHeaderVC.swift */,
				BF8A167E253100BB008BE1F7 /* GFDataLoadingVC.swift */,
			);
			path = ViewControllers;
			sourceTree = "<group>";
		};
		BF9078CB2523DA680061209E /* Labels */ = {
			isa = PBXGroup;
			children = (
				BF52395C251A6BD7003D69A2 /* GFTitleLabel.swift */,
				BF52395F251A6D82003D69A2 /* GFBodyLabel.swift */,
				BF9078DB2526886A0061209E /* GFSecondaryTitleLabel.swift */,
			);
			path = Labels;
			sourceTree = "<group>";
		};
/* End PBXGroup section */

/* Begin PBXNativeTarget section */
		BF68A99B25118CE50069F87A /* GHFollowers */ = {
			isa = PBXNativeTarget;
			buildConfigurationList = BF68A9B025118CE60069F87A /* Build configuration list for PBXNativeTarget "GHFollowers" */;
			buildPhases = (
				BF68A99825118CE50069F87A /* Sources */,
				BF68A99925118CE50069F87A /* Frameworks */,
				BF68A99A25118CE50069F87A /* Resources */,
			);
			buildRules = (
			);
			dependencies = (
			);
			name = GHFollowers;
			productName = GHFollowers;
			productReference = BF68A99C25118CE50069F87A /* GHFollowers.app */;
			productType = "com.apple.product-type.application";
		};
/* End PBXNativeTarget section */

/* Begin PBXProject section */
		BF68A99425118CE50069F87A /* Project object */ = {
			isa = PBXProject;
			attributes = {
				LastSwiftUpdateCheck = 1200;
				LastUpgradeCheck = 1200;
				TargetAttributes = {
					BF68A99B25118CE50069F87A = {
						CreatedOnToolsVersion = 12.0;
					};
				};
			};
			buildConfigurationList = BF68A99725118CE50069F87A /* Build configuration list for PBXProject "GHFollowers" */;
			compatibilityVersion = "Xcode 9.3";
			developmentRegion = en;
			hasScannedForEncodings = 0;
			knownRegions = (
				en,
				Base,
			);
			mainGroup = BF68A99325118CE50069F87A;
			productRefGroup = BF68A99D25118CE50069F87A /* Products */;
			projectDirPath = "";
			projectRoot = "";
			targets = (
				BF68A99B25118CE50069F87A /* GHFollowers */,
			);
		};
/* End PBXProject section */

/* Begin PBXResourcesBuildPhase section */
		BF68A99A25118CE50069F87A /* Resources */ = {
			isa = PBXResourcesBuildPhase;
			buildActionMask = 2147483647;
			files = (
				BF68A9AC25118CE60069F87A /* LaunchScreen.storyboard in Resources */,
				BF68A9A925118CE60069F87A /* Assets.xcassets in Resources */,
			);
			runOnlyForDeploymentPostprocessing = 0;
		};
/* End PBXResourcesBuildPhase section */

/* Begin PBXSourcesBuildPhase section */
		BF68A99825118CE50069F87A /* Sources */ = {
			isa = PBXSourcesBuildPhase;
			buildActionMask = 2147483647;
			files = (
				3E8E3667255B4DA400EC24C1 /* UIView+Ext.swift in Sources */,
				BF5BB9EB251579B300BD0410 /* GFTextField.swift in Sources */,
				BF5BB9E325147F7900BD0410 /* FavoritesListVC.swift in Sources */,
				BF9078CD2523DB8A0061209E /* GFEmptyStateView.swift in Sources */,
				BF9078D92526855B0061209E /* GFUserInfoHeaderVC.swift in Sources */,
				BF5BB9E8251572DA00BD0410 /* GFButton.swift in Sources */,
				BF523966251C335B003D69A2 /* UIViewController+Ext.swift in Sources */,
				BF5BB9E025147F2B00BD0410 /* SearchVC.swift in Sources */,
				BF9078DC2526886A0061209E /* GFSecondaryTitleLabel.swift in Sources */,
				BF523963251A7997003D69A2 /* GFAlertVC.swift in Sources */,
				BF523975251C5926003D69A2 /* User.swift in Sources */,
				BF9078D6252656F00061209E /* GFError.swift in Sources */,
				BF52398C251D7C4C003D69A2 /* FollowerCell.swift in Sources */,
				BF0128C3252F7D13001712B6 /* PersistenceManager.swift in Sources */,
				BF0128C6252F93CD001712B6 /* FavoriteCell.swift in Sources */,
				BF2B3E9F252D3DCE00260AA8 /* GFRepoItemVC.swift in Sources */,
				BF52398F251D7CE2003D69A2 /* GFAvatarImageView.swift in Sources */,
				BF523960251A6D82003D69A2 /* GFBodyLabel.swift in Sources */,
				BF9078D22525760E0061209E /* UserInfoVC.swift in Sources */,
				BF523972251C577F003D69A2 /* Follower.swift in Sources */,
				BF8A167F253100BB008BE1F7 /* GFDataLoadingVC.swift in Sources */,
				BF52395D251A6BD7003D69A2 /* GFTitleLabel.swift in Sources */,
				BF5BB9EF2516AD5600BD0410 /* FollowerListVC.swift in Sources */,
				BF2B3E9C252D34DD00260AA8 /* GFItemInfoVC.swift in Sources */,
				BF2B3EA2252D401400260AA8 /* GFFollowerItemVC.swift in Sources */,
				BF68A9A025118CE50069F87A /* AppDelegate.swift in Sources */,
				BFA546EF251E922100A43F8D /* UIHelper.swift in Sources */,
				BF0128BD252E4B55001712B6 /* Date+Ext.swift in Sources */,
				BF52397A251D3923003D69A2 /* NetworkManager.swift in Sources */,
				BF68A9A225118CE50069F87A /* SceneDelegate.swift in Sources */,
				BF2B3E99252CD56900260AA8 /* GFItemInfoView.swift in Sources */,
				BF52396E251C4AC2003D69A2 /* GFContainerView.swift in Sources */,
				BF9078DF2526E50F0061209E /* Constants.swift in Sources */,
				BF8A167A2530DE9D008BE1F7 /* GFTabBarController.swift in Sources */,
			);
			runOnlyForDeploymentPostprocessing = 0;
		};
/* End PBXSourcesBuildPhase section */

/* Begin PBXVariantGroup section */
		BF68A9AA25118CE60069F87A /* LaunchScreen.storyboard */ = {
			isa = PBXVariantGroup;
			children = (
				BF68A9AB25118CE60069F87A /* Base */,
			);
			name = LaunchScreen.storyboard;
			sourceTree = "<group>";
		};
/* End PBXVariantGroup section */

/* Begin XCBuildConfiguration section */
		BF68A9AE25118CE60069F87A /* Debug */ = {
			isa = XCBuildConfiguration;
			buildSettings = {
				ALWAYS_SEARCH_USER_PATHS = NO;
				CLANG_ANALYZER_NONNULL = YES;
				CLANG_ANALYZER_NUMBER_OBJECT_CONVERSION = YES_AGGRESSIVE;
				CLANG_CXX_LANGUAGE_STANDARD = "gnu++14";
				CLANG_CXX_LIBRARY = "libc++";
				CLANG_ENABLE_MODULES = YES;
				CLANG_ENABLE_OBJC_ARC = YES;
				CLANG_ENABLE_OBJC_WEAK = YES;
				CLANG_WARN_BLOCK_CAPTURE_AUTORELEASING = YES;
				CLANG_WARN_BOOL_CONVERSION = YES;
				CLANG_WARN_COMMA = YES;
				CLANG_WARN_CONSTANT_CONVERSION = YES;
				CLANG_WARN_DEPRECATED_OBJC_IMPLEMENTATIONS = YES;
				CLANG_WARN_DIRECT_OBJC_ISA_USAGE = YES_ERROR;
				CLANG_WARN_DOCUMENTATION_COMMENTS = YES;
				CLANG_WARN_EMPTY_BODY = YES;
				CLANG_WARN_ENUM_CONVERSION = YES;
				CLANG_WARN_INFINITE_RECURSION = YES;
				CLANG_WARN_INT_CONVERSION = YES;
				CLANG_WARN_NON_LITERAL_NULL_CONVERSION = YES;
				CLANG_WARN_OBJC_IMPLICIT_RETAIN_SELF = YES;
				CLANG_WARN_OBJC_LITERAL_CONVERSION = YES;
				CLANG_WARN_OBJC_ROOT_CLASS = YES_ERROR;
				CLANG_WARN_QUOTED_INCLUDE_IN_FRAMEWORK_HEADER = YES;
				CLANG_WARN_RANGE_LOOP_ANALYSIS = YES;
				CLANG_WARN_STRICT_PROTOTYPES = YES;
				CLANG_WARN_SUSPICIOUS_MOVE = YES;
				CLANG_WARN_UNGUARDED_AVAILABILITY = YES_AGGRESSIVE;
				CLANG_WARN_UNREACHABLE_CODE = YES;
				CLANG_WARN__DUPLICATE_METHOD_MATCH = YES;
				COPY_PHASE_STRIP = NO;
				DEBUG_INFORMATION_FORMAT = dwarf;
				ENABLE_STRICT_OBJC_MSGSEND = YES;
				ENABLE_TESTABILITY = YES;
				GCC_C_LANGUAGE_STANDARD = gnu11;
				GCC_DYNAMIC_NO_PIC = NO;
				GCC_NO_COMMON_BLOCKS = YES;
				GCC_OPTIMIZATION_LEVEL = 0;
				GCC_PREPROCESSOR_DEFINITIONS = (
					"DEBUG=1",
					"$(inherited)",
				);
				GCC_WARN_64_TO_32_BIT_CONVERSION = YES;
				GCC_WARN_ABOUT_RETURN_TYPE = YES_ERROR;
				GCC_WARN_UNDECLARED_SELECTOR = YES;
				GCC_WARN_UNINITIALIZED_AUTOS = YES_AGGRESSIVE;
				GCC_WARN_UNUSED_FUNCTION = YES;
				GCC_WARN_UNUSED_VARIABLE = YES;
				IPHONEOS_DEPLOYMENT_TARGET = 14.0;
				MTL_ENABLE_DEBUG_INFO = INCLUDE_SOURCE;
				MTL_FAST_MATH = YES;
				ONLY_ACTIVE_ARCH = YES;
				SDKROOT = iphoneos;
				SWIFT_ACTIVE_COMPILATION_CONDITIONS = DEBUG;
				SWIFT_OPTIMIZATION_LEVEL = "-Onone";
			};
			name = Debug;
		};
		BF68A9AF25118CE60069F87A /* Release */ = {
			isa = XCBuildConfiguration;
			buildSettings = {
				ALWAYS_SEARCH_USER_PATHS = NO;
				CLANG_ANALYZER_NONNULL = YES;
				CLANG_ANALYZER_NUMBER_OBJECT_CONVERSION = YES_AGGRESSIVE;
				CLANG_CXX_LANGUAGE_STANDARD = "gnu++14";
				CLANG_CXX_LIBRARY = "libc++";
				CLANG_ENABLE_MODULES = YES;
				CLANG_ENABLE_OBJC_ARC = YES;
				CLANG_ENABLE_OBJC_WEAK = YES;
				CLANG_WARN_BLOCK_CAPTURE_AUTORELEASING = YES;
				CLANG_WARN_BOOL_CONVERSION = YES;
				CLANG_WARN_COMMA = YES;
				CLANG_WARN_CONSTANT_CONVERSION = YES;
				CLANG_WARN_DEPRECATED_OBJC_IMPLEMENTATIONS = YES;
				CLANG_WARN_DIRECT_OBJC_ISA_USAGE = YES_ERROR;
				CLANG_WARN_DOCUMENTATION_COMMENTS = YES;
				CLANG_WARN_EMPTY_BODY = YES;
				CLANG_WARN_ENUM_CONVERSION = YES;
				CLANG_WARN_INFINITE_RECURSION = YES;
				CLANG_WARN_INT_CONVERSION = YES;
				CLANG_WARN_NON_LITERAL_NULL_CONVERSION = YES;
				CLANG_WARN_OBJC_IMPLICIT_RETAIN_SELF = YES;
				CLANG_WARN_OBJC_LITERAL_CONVERSION = YES;
				CLANG_WARN_OBJC_ROOT_CLASS = YES_ERROR;
				CLANG_WARN_QUOTED_INCLUDE_IN_FRAMEWORK_HEADER = YES;
				CLANG_WARN_RANGE_LOOP_ANALYSIS = YES;
				CLANG_WARN_STRICT_PROTOTYPES = YES;
				CLANG_WARN_SUSPICIOUS_MOVE = YES;
				CLANG_WARN_UNGUARDED_AVAILABILITY = YES_AGGRESSIVE;
				CLANG_WARN_UNREACHABLE_CODE = YES;
				CLANG_WARN__DUPLICATE_METHOD_MATCH = YES;
				COPY_PHASE_STRIP = NO;
				DEBUG_INFORMATION_FORMAT = "dwarf-with-dsym";
				ENABLE_NS_ASSERTIONS = NO;
				ENABLE_STRICT_OBJC_MSGSEND = YES;
				GCC_C_LANGUAGE_STANDARD = gnu11;
				GCC_NO_COMMON_BLOCKS = YES;
				GCC_WARN_64_TO_32_BIT_CONVERSION = YES;
				GCC_WARN_ABOUT_RETURN_TYPE = YES_ERROR;
				GCC_WARN_UNDECLARED_SELECTOR = YES;
				GCC_WARN_UNINITIALIZED_AUTOS = YES_AGGRESSIVE;
				GCC_WARN_UNUSED_FUNCTION = YES;
				GCC_WARN_UNUSED_VARIABLE = YES;
				IPHONEOS_DEPLOYMENT_TARGET = 14.0;
				MTL_ENABLE_DEBUG_INFO = NO;
				MTL_FAST_MATH = YES;
				SDKROOT = iphoneos;
				SWIFT_COMPILATION_MODE = wholemodule;
				SWIFT_OPTIMIZATION_LEVEL = "-O";
				VALIDATE_PRODUCT = YES;
			};
			name = Release;
		};
		BF68A9B125118CE60069F87A /* Debug */ = {
			isa = XCBuildConfiguration;
			buildSettings = {
				ASSETCATALOG_COMPILER_APPICON_NAME = AppIcon;
				ASSETCATALOG_COMPILER_GLOBAL_ACCENT_COLOR_NAME = AccentColor;
				CODE_SIGN_STYLE = Automatic;
				DEVELOPMENT_TEAM = 22HUHPT9D9;
				INFOPLIST_FILE = GHFollowers/Support/Info.plist;
				LD_RUNPATH_SEARCH_PATHS = (
					"$(inherited)",
					"@executable_path/Frameworks",
				);
				PRODUCT_BUNDLE_IDENTIFIER = dev.jimmybrown.GHFollowers;
				PRODUCT_NAME = "$(TARGET_NAME)";
				SWIFT_VERSION = 5.0;
				TARGETED_DEVICE_FAMILY = "1,2";
			};
			name = Debug;
		};
		BF68A9B225118CE60069F87A /* Release */ = {
			isa = XCBuildConfiguration;
			buildSettings = {
				ASSETCATALOG_COMPILER_APPICON_NAME = AppIcon;
				ASSETCATALOG_COMPILER_GLOBAL_ACCENT_COLOR_NAME = AccentColor;
				CODE_SIGN_STYLE = Automatic;
				DEVELOPMENT_TEAM = 22HUHPT9D9;
				INFOPLIST_FILE = GHFollowers/Support/Info.plist;
				LD_RUNPATH_SEARCH_PATHS = (
					"$(inherited)",
					"@executable_path/Frameworks",
				);
				PRODUCT_BUNDLE_IDENTIFIER = dev.jimmybrown.GHFollowers;
				PRODUCT_NAME = "$(TARGET_NAME)";
				SWIFT_VERSION = 5.0;
				TARGETED_DEVICE_FAMILY = "1,2";
			};
			name = Release;
		};
/* End XCBuildConfiguration section */

/* Begin XCConfigurationList section */
		BF68A99725118CE50069F87A /* Build configuration list for PBXProject "GHFollowers" */ = {
			isa = XCConfigurationList;
			buildConfigurations = (
				BF68A9AE25118CE60069F87A /* Debug */,
				BF68A9AF25118CE60069F87A /* Release */,
			);
			defaultConfigurationIsVisible = 0;
			defaultConfigurationName = Release;
		};
		BF68A9B025118CE60069F87A /* Build configuration list for PBXNativeTarget "GHFollowers" */ = {
			isa = XCConfigurationList;
			buildConfigurations = (
				BF68A9B125118CE60069F87A /* Debug */,
				BF68A9B225118CE60069F87A /* Release */,
			);
			defaultConfigurationIsVisible = 0;
			defaultConfigurationName = Release;
		};
/* End XCConfigurationList section */
	};
	rootObject = BF68A99425118CE50069F87A /* Project object */;
}
